// !$*UTF8*$!
{
	archiveVersion = 1;
	classes = {
	};
	objectVersion = 48;
	objects = {

/* Begin PBXBuildFile section */
		8CCF0F981F8EAB8400BECE43 /* AppDelegate.swift in Sources */ = {isa = PBXBuildFile; fileRef = 8CCF0F971F8EAB8400BECE43 /* AppDelegate.swift */; };
		8CCF0F9A1F8EAB8400BECE43 /* ViewController.swift in Sources */ = {isa = PBXBuildFile; fileRef = 8CCF0F991F8EAB8400BECE43 /* ViewController.swift */; };
		8CCF0F9D1F8EAB8400BECE43 /* Main.storyboard in Resources */ = {isa = PBXBuildFile; fileRef = 8CCF0F9B1F8EAB8400BECE43 /* Main.storyboard */; };
		8CCF0F9F1F8EAB8400BECE43 /* Assets.xcassets in Resources */ = {isa = PBXBuildFile; fileRef = 8CCF0F9E1F8EAB8400BECE43 /* Assets.xcassets */; };
		8CCF0FA21F8EAB8400BECE43 /* LaunchScreen.storyboard in Resources */ = {isa = PBXBuildFile; fileRef = 8CCF0FA01F8EAB8400BECE43 /* LaunchScreen.storyboard */; };
/* End PBXBuildFile section */

/* Begin PBXFileReference section */
		8CCF0F941F8EAB8400BECE43 /* paletaColores.app */ = {isa = PBXFileReference; explicitFileType = wrapper.application; includeInIndex = 0; path = paletaColores.app; sourceTree = BUILT_PRODUCTS_DIR; };
		8CCF0F971F8EAB8400BECE43 /* AppDelegate.swift */ = {isa = PBXFileReference; lastKnownFileType = sourcecode.swift; path = AppDelegate.swift; sourceTree = "<group>"; };
		8CCF0F991F8EAB8400BECE43 /* ViewController.swift */ = {isa = PBXFileReference; lastKnownFileType = sourcecode.swift; path = ViewController.swift; sourceTree = "<group>"; };
		8CCF0F9C1F8EAB8400BECE43 /* Base */ = {isa = PBXFileReference; lastKnownFileType = file.storyboard; name = Base; path = Base.lproj/Main.storyboard; sourceTree = "<group>"; };
		8CCF0F9E1F8EAB8400BECE43 /* Assets.xcassets */ = {isa = PBXFileReference; lastKnownFileType = folder.assetcatalog; path = Assets.xcassets; sourceTree = "<group>"; };
		8CCF0FA11F8EAB8400BECE43 /* Base */ = {isa = PBXFileReference; lastKnownFileType = file.storyboard; name = Base; path = Base.lproj/LaunchScreen.storyboard; sourceTree = "<group>"; };
		8CCF0FA31F8EAB8400BECE43 /* Info.plist */ = {isa = PBXFileReference; lastKnownFileType = text.plist.xml; path = Info.plist; sourceTree = "<group>"; };
/* End PBXFileReference section */

/* Begin PBXFrameworksBuildPhase section */
		8CCF0F911F8EAB8400BECE43 /* Frameworks */ = {
			isa = PBXFrameworksBuildPhase;
			buildActionMask = 2147483647;
			files = (
			);
			runOnlyForDeploymentPostprocessing = 0;
		};
/* End PBXFrameworksBuildPhase section */

/* Begin PBXGroup section */
		8CCF0F8B1F8EAB8400BECE43 = {
			isa = PBXGroup;
			children = (
				8CCF0F961F8EAB8400BECE43 /* paletaColores */,
				8CCF0F951F8EAB8400BECE43 /* Products */,
			);
			sourceTree = "<group>";
		};
		8CCF0F951F8EAB8400BECE43 /* Products */ = {
			isa = PBXGroup;
			children = (
				8CCF0F941F8EAB8400BECE43 /* paletaColores.app */,
			);
			name = Products;
			sourceTree = "<group>";
		};
		8CCF0F961F8EAB8400BECE43 /* paletaColores */ = {
			isa = PBXGroup;
			children = (
				8CCF0F971F8EAB8400BECE43 /* AppDelegate.swift */,
				8CCF0F991F8EAB8400BECE43 /* ViewController.swift */,
				8CCF0F9B1F8EAB8400BECE43 /* Main.storyboard */,
				8CCF0F9E1F8EAB8400BECE43 /* Assets.xcassets */,
				8CCF0FA01F8EAB8400BECE43 /* LaunchScreen.storyboard */,
				8CCF0FA31F8EAB8400BECE43 /* Info.plist */,
			);
			path = paletaColores;
			sourceTree = "<group>";
		};
/* End PBXGroup section */

/* Begin PBXNativeTarget section */
		8CCF0F931F8EAB8400BECE43 /* paletaColores */ = {
			isa = PBXNativeTarget;
			buildConfigurationList = 8CCF0FA61F8EAB8400BECE43 /* Build configuration list for PBXNativeTarget "paletaColores" */;
			buildPhases = (
				8CCF0F901F8EAB8400BECE43 /* Sources */,
				8CCF0F911F8EAB8400BECE43 /* Frameworks */,
				8CCF0F921F8EAB8400BECE43 /* Resources */,
			);
			buildRules = (
			);
			dependencies = (
			);
			name = paletaColores;
			productName = paletaColores;
			productReference = 8CCF0F941F8EAB8400BECE43 /* paletaColores.app */;
			productType = "com.apple.product-type.application";
		};
/* End PBXNativeTarget section */

/* Begin PBXProject section */
		8CCF0F8C1F8EAB8400BECE43 /* Project object */ = {
			isa = PBXProject;
			attributes = {
				LastSwiftUpdateCheck = 0900;
				LastUpgradeCheck = 0900;
				ORGANIZATIONNAME = macbookUser;
				TargetAttributes = {
					8CCF0F931F8EAB8400BECE43 = {
						CreatedOnToolsVersion = 9.0;
						ProvisioningStyle = Automatic;
					};
				};
			};
			buildConfigurationList = 8CCF0F8F1F8EAB8400BECE43 /* Build configuration list for PBXProject "paletaColores" */;
			compatibilityVersion = "Xcode 8.0";
			developmentRegion = en;
			hasScannedForEncodings = 0;
			knownRegions = (
				en,
				Base,
			);
			mainGroup = 8CCF0F8B1F8EAB8400BECE43;
			productRefGroup = 8CCF0F951F8EAB8400BECE43 /* Products */;
			projectDirPath = "";
			projectRoot = "";
			targets = (
				8CCF0F931F8EAB8400BECE43 /* paletaColores */,
			);
		};
/* End PBXProject section */

/* Begin PBXResourcesBuildPhase section */
		8CCF0F921F8EAB8400BECE43 /* Resources */ = {
			isa = PBXResourcesBuildPhase;
			buildActionMask = 2147483647;
			files = (
				8CCF0FA21F8EAB8400BECE43 /* LaunchScreen.storyboard in Resources */,
				8CCF0F9F1F8EAB8400BECE43 /* Assets.xcassets in Resources */,
				8CCF0F9D1F8EAB8400BECE43 /* Main.storyboard in Resources */,
			);
			runOnlyForDeploymentPostprocessing = 0;
		};
/* End PBXResourcesBuildPhase section */

/* Begin PBXSourcesBuildPhase section */
		8CCF0F901F8EAB8400BECE43 /* Sources */ = {
			isa = PBXSourcesBuildPhase;
			buildActionMask = 2147483647;
			files = (
				8CCF0F9A1F8EAB8400BECE43 /* ViewController.swift in Sources */,
				8CCF0F981F8EAB8400BECE43 /* AppDelegate.swift in Sources */,
			);
			runOnlyForDeploymentPostprocessing = 0;
		};
/* End PBXSourcesBuildPhase section */

/* Begin PBXVariantGroup section */
		8CCF0F9B1F8EAB8400BECE43 /* Main.storyboard */ = {
			isa = PBXVariantGroup;
			children = (
				8CCF0F9C1F8EAB8400BECE43 /* Base */,
			);
			name = Main.storyboard;
			sourceTree = "<group>";
		};
		8CCF0FA01F8EAB8400BECE43 /* LaunchScreen.storyboard */ = {
			isa = PBXVariantGroup;
			children = (
				8CCF0FA11F8EAB8400BECE43 /* Base */,
			);
			name = LaunchScreen.storyboard;
			sourceTree = "<group>";
		};
/* End PBXVariantGroup section */

/* Begin XCBuildConfiguration section */
		8CCF0FA41F8EAB8400BECE43 /* Debug */ = {
			isa = XCBuildConfiguration;
			buildSettings = {
				ALWAYS_SEARCH_USER_PATHS = NO;
				CLANG_ANALYZER_NONNULL = YES;
				CLANG_ANALYZER_NUMBER_OBJECT_CONVERSION = YES_AGGRESSIVE;
				CLANG_CXX_LANGUAGE_STANDARD = "gnu++14";
				CLANG_CXX_LIBRARY = "libc++";
				CLANG_ENABLE_MODULES = YES;
				CLANG_ENABLE_OBJC_ARC = YES;
				CLANG_WARN_BLOCK_CAPTURE_AUTORELEASING = YES;
				CLANG_WARN_BOOL_CONVERSION = YES;
				CLANG_WARN_COMMA = YES;
				CLANG_WARN_CONSTANT_CONVERSION = YES;
				CLANG_WARN_DIRECT_OBJC_ISA_USAGE = YES_ERROR;
				CLANG_WARN_DOCUMENTATION_COMMENTS = YES;
				CLANG_WARN_EMPTY_BODY = YES;
				CLANG_WARN_ENUM_CONVERSION = YES;
				CLANG_WARN_INFINITE_RECURSION = YES;
				CLANG_WARN_INT_CONVERSION = YES;
				CLANG_WARN_NON_LITERAL_NULL_CONVERSION = YES;
				CLANG_WARN_OBJC_LITERAL_CONVERSION = YES;
				CLANG_WARN_OBJC_ROOT_CLASS = YES_ERROR;
				CLANG_WARN_RANGE_LOOP_ANALYSIS = YES;
				CLANG_WARN_STRICT_PROTOTYPES = YES;
				CLANG_WARN_SUSPICIOUS_MOVE = YES;
				CLANG_WARN_UNGUARDED_AVAILABILITY = YES_AGGRESSIVE;
				CLANG_WARN_UNREACHABLE_CODE = YES;
				CLANG_WARN__DUPLICATE_METHOD_MATCH = YES;
				CODE_SIGN_IDENTITY = "iPhone Developer";
				COPY_PHASE_STRIP = NO;
				DEBUG_INFORMATION_FORMAT = dwarf;
				ENABLE_STRICT_OBJC_MSGSEND = YES;
				ENABLE_TESTABILITY = YES;
				GCC_C_LANGUAGE_STANDARD = gnu11;
				GCC_DYNAMIC_NO_PIC = NO;
				GCC_NO_COMMON_BLOCKS = YES;
				GCC_OPTIMIZATION_LEVEL = 0;
				GCC_PREPROCESSOR_DEFINITIONS = (
					"DEBUG=1",
					"$(inherited)",
				);
				GCC_WARN_64_TO_32_BIT_CONVERSION = YES;
				GCC_WARN_ABOUT_RETURN_TYPE = YES_ERROR;
				GCC_WARN_UNDECLARED_SELECTOR = YES;
				GCC_WARN_UNINITIALIZED_AUTOS = YES_AGGRESSIVE;
				GCC_WARN_UNUSED_FUNCTION = YES;
				GCC_WARN_UNUSED_VARIABLE = YES;
				IPHONEOS_DEPLOYMENT_TARGET = 11.0;
				MTL_ENABLE_DEBUG_INFO = YES;
				ONLY_ACTIVE_ARCH = YES;
				SDKROOT = iphoneos;
				SWIFT_ACTIVE_COMPILATION_CONDITIONS = DEBUG;
				SWIFT_OPTIMIZATION_LEVEL = "-Onone";
			};
			name = Debug;
		};
		8CCF0FA51F8EAB8400BECE43 /* Release */ = {
			isa = XCBuildConfiguration;
			buildSettings = {
				ALWAYS_SEARCH_USER_PATHS = NO;
				CLANG_ANALYZER_NONNULL = YES;
				CLANG_ANALYZER_NUMBER_OBJECT_CONVERSION = YES_AGGRESSIVE;
				CLANG_CXX_LANGUAGE_STANDARD = "gnu++14";
				CLANG_CXX_LIBRARY = "libc++";
				CLANG_ENABLE_MODULES = YES;
				CLANG_ENABLE_OBJC_ARC = YES;
				CLANG_WARN_BLOCK_CAPTURE_AUTORELEASING = YES;
				CLANG_WARN_BOOL_CONVERSION = YES;
				CLANG_WARN_COMMA = YES;
				CLANG_WARN_CONSTANT_CONVERSION = YES;
				CLANG_WARN_DIRECT_OBJC_ISA_USAGE = YES_ERROR;
				CLANG_WARN_DOCUMENTATION_COMMENTS = YES;
				CLANG_WARN_EMPTY_BODY = YES;
				CLANG_WARN_ENUM_CONVERSION = YES;
				CLANG_WARN_INFINITE_RECURSION = YES;
				CLANG_WARN_INT_CONVERSION = YES;
				CLANG_WARN_NON_LITERAL_NULL_CONVERSION = YES;
				CLANG_WARN_OBJC_LITERAL_CONVERSION = YES;
				CLANG_WARN_OBJC_ROOT_CLASS = YES_ERROR;
				CLANG_WARN_RANGE_LOOP_ANALYSIS = YES;
				CLANG_WARN_STRICT_PROTOTYPES = YES;
				CLANG_WARN_SUSPICIOUS_MOVE = YES;
				CLANG_WARN_UNGUARDED_AVAILABILITY = YES_AGGRESSIVE;
				CLANG_WARN_UNREACHABLE_CODE = YES;
				CLANG_WARN__DUPLICATE_METHOD_MATCH = YES;
				CODE_SIGN_IDENTITY = "iPhone Developer";
				COPY_PHASE_STRIP = NO;
				DEBUG_INFORMATION_FORMAT = "dwarf-with-dsym";
				ENABLE_NS_ASSERTIONS = NO;
				ENABLE_STRICT_OBJC_MSGSEND = YES;
				GCC_C_LANGUAGE_STANDARD = gnu11;
				GCC_NO_COMMON_BLOCKS = YES;
				GCC_WARN_64_TO_32_BIT_CONVERSION = YES;
				GCC_WARN_ABOUT_RETURN_TYPE = YES_ERROR;
				GCC_WARN_UNDECLARED_SELECTOR = YES;
				GCC_WARN_UNINITIALIZED_AUTOS = YES_AGGRESSIVE;
				GCC_WARN_UNUSED_FUNCTION = YES;
				GCC_WARN_UNUSED_VARIABLE = YES;
				IPHONEOS_DEPLOYMENT_TARGET = 11.0;
				MTL_ENABLE_DEBUG_INFO = NO;
				SDKROOT = iphoneos;
				SWIFT_OPTIMIZATION_LEVEL = "-Owholemodule";
				VALIDATE_PRODUCT = YES;
			};
			name = Release;
		};
		8CCF0FA71F8EAB8400BECE43 /* Debug */ = {
			isa = XCBuildConfiguration;
			buildSettings = {
				ASSETCATALOG_COMPILER_APPICON_NAME = AppIcon;
				CODE_SIGN_STYLE = Automatic;
				INFOPLIST_FILE = paletaColores/Info.plist;
				LD_RUNPATH_SEARCH_PATHS = "$(inherited) @executable_path/Frameworks";
				PRODUCT_BUNDLE_IDENTIFIER = macbookUser.paletaColores;
				PRODUCT_NAME = "$(TARGET_NAME)";
				SWIFT_VERSION = 4.0;
				TARGETED_DEVICE_FAMILY = "1,2";
			};
			name = Debug;
		};
		8CCF0FA81F8EAB8400BECE43 /* Release */ = {
			isa = XCBuildConfiguration;
			buildSettings = {
				ASSETCATALOG_COMPILER_APPICON_NAME = AppIcon;
				CODE_SIGN_STYLE = Automatic;
				INFOPLIST_FILE = paletaColores/Info.plist;
				LD_RUNPATH_SEARCH_PATHS = "$(inherited) @executable_path/Frameworks";
				PRODUCT_BUNDLE_IDENTIFIER = macbookUser.paletaColores;
				PRODUCT_NAME = "$(TARGET_NAME)";
				SWIFT_VERSION = 4.0;
				TARGETED_DEVICE_FAMILY = "1,2";
			};
			name = Release;
		};
/* End XCBuildConfiguration section */

/* Begin XCConfigurationList section */
		8CCF0F8F1F8EAB8400BECE43 /* Build configuration list for PBXProject "paletaColores" */ = {
			isa = XCConfigurationList;
			buildConfigurations = (
				8CCF0FA41F8EAB8400BECE43 /* Debug */,
				8CCF0FA51F8EAB8400BECE43 /* Release */,
			);
			defaultConfigurationIsVisible = 0;
			defaultConfigurationName = Release;
		};
		8CCF0FA61F8EAB8400BECE43 /* Build configuration list for PBXNativeTarget "paletaColores" */ = {
			isa = XCConfigurationList;
			buildConfigurations = (
				8CCF0FA71F8EAB8400BECE43 /* Debug */,
				8CCF0FA81F8EAB8400BECE43 /* Release */,
			);
			defaultConfigurationIsVisible = 0;
			defaultConfigurationName = Release;
		};
/* End XCConfigurationList section */
	};
	rootObject = 8CCF0F8C1F8EAB8400BECE43 /* Project object */;
}
